<?xml version="1.0" encoding="UTF-8"?>
<Project ToolsVersion="4.0" xmlns="http://schemas.microsoft.com/developer/msbuild/2003">
  <ItemGroup>
    <CustomBuild Include="..\..\CMakeFiles\83205ee9aa61d09d51db4ffc19edb5e2\INSTALL_force.rule">
      <Filter>CMake Rules</Filter>
    </CustomBuild>
  </ItemGroup>
  <ItemGroup>
    <Filter Include="CMake Rules">
      <UniqueIdentifier>{DA2FD6C3-9CDE-4BA1-A0B6-65F31DADD5DB}</UniqueIdentifier>
    </Filter>
  </ItemGroup>
</Project>
